{
  "requires": true,
  "lockfileVersion": 1,
  "dependencies": {
    "env.json": {
      "version": "2.0.1",
      "resolved": "https://registry.npmjs.org/env.json/-/env.json-2.0.1.tgz",
      "integrity": "sha512-5pMZGn6s63fa+H6A2rwXNXqodu7m3DFXsiZfPGtV3ayioE/tWuAcnslcB7+46iMGjcFNxt82oXeYl4hCoDHKhg=="
    }
  }
}
